
Microsoft Visual Studio Solution File, Format Version 12.00
# Visual Studio Version 17
VisualStudioVersion = 17.9.34607.119
MinimumVisualStudioVersion = 10.0.40219.1
Project("{9A19103F-16F7-4668-BE54-9A1E7A4F7556}") = "PDFExtractor", "PDFExtractor\PDFExtractor.csproj", "{614A0D72-3FFB-4FFF-AE4A-ED00A7684C17}"
EndProject
Project("{9A19103F-16F7-4668-BE54-9A1E7A4F7556}") = "PDFExtractorCLI", "PDFExtractorCLI\PDFExtractorCLI.csproj", "{4FCA640B-D53B-4DC7-A471-E7DCF7CD95A3}"
EndProject
Project("{FAE04EC0-301F-11D3-BF4B-00C04F79EFBC}") = "PDFExtractor.Tests", "PDFExtractor.Tests\PDFExtractor.Tests.csproj", "{FF02476D-0770-4271-819F-55B609C55A16}"
EndProject
Global
	GlobalSection(SolutionConfigurationPlatforms) = preSolution
		Debug|Any CPU = Debug|Any CPU
		Release|Any CPU = Release|Any CPU
	EndGlobalSection
	GlobalSection(ProjectConfigurationPlatforms) = postSolution
		{614A0D72-3FFB-4FFF-AE4A-ED00A7684C17}.Debug|Any CPU.ActiveCfg = Debug|Any CPU
		{614A0D72-3FFB-4FFF-AE4A-ED00A7684C17}.Debug|Any CPU.Build.0 = Debug|Any CPU
		{614A0D72-3FFB-4FFF-AE4A-ED00A7684C17}.Release|Any CPU.ActiveCfg = Release|Any CPU
		{614A0D72-3FFB-4FFF-AE4A-ED00A7684C17}.Release|Any CPU.Build.0 = Release|Any CPU
		{4FCA640B-D53B-4DC7-A471-E7DCF7CD95A3}.Debug|Any CPU.ActiveCfg = Debug|Any CPU
		{4FCA640B-D53B-4DC7-A471-E7DCF7CD95A3}.Debug|Any CPU.Build.0 = Debug|Any CPU
		{4FCA640B-D53B-4DC7-A471-E7DCF7CD95A3}.Release|Any CPU.ActiveCfg = Release|Any CPU
		{4FCA640B-D53B-4DC7-A471-E7DCF7CD95A3}.Release|Any CPU.Build.0 = Release|Any CPU
		{FF02476D-0770-4271-819F-55B609C55A16}.Debug|Any CPU.ActiveCfg = Debug|Any CPU
		{FF02476D-0770-4271-819F-55B609C55A16}.Debug|Any CPU.Build.0 = Debug|Any CPU
		{FF02476D-0770-4271-819F-55B609C55A16}.Release|Any CPU.ActiveCfg = Release|Any CPU
		{FF02476D-0770-4271-819F-55B609C55A16}.Release|Any CPU.Build.0 = Release|Any CPU
	EndGlobalSection
	GlobalSection(SolutionProperties) = preSolution
		HideSolutionNode = FALSE
	EndGlobalSection
	GlobalSection(ExtensibilityGlobals) = postSolution
		SolutionGuid = {D034A510-620D-4FE3-A2A9-46AED29AB5D8}
	EndGlobalSection
EndGlobal
